
Microsoft Visual Studio Solution File, Format Version 12.00
# Visual Studio Version 16
VisualStudioVersion = 16.0.31321.278
MinimumVisualStudioVersion = 10.0.40219.1
Project("{FAE04EC0-301F-11D3-BF4B-00C04F79EFBC}") = "GITApp", "GITApp\GITApp.csproj", "{393A5514-5040-4272-9667-866C67356CDA}"
EndProject
Global
	GlobalSection(SolutionConfigurationPlatforms) = preSolution
		Debug|Any CPU = Debug|Any CPU
		Release|Any CPU = Release|Any CPU
	EndGlobalSection
	GlobalSection(ProjectConfigurationPlatforms) = postSolution
		{393A5514-5040-4272-9667-866C67356CDA}.Debug|Any CPU.ActiveCfg = Debug|Any CPU
		{393A5514-5040-4272-9667-866C67356CDA}.Debug|Any CPU.Build.0 = Debug|Any CPU
		{393A5514-5040-4272-9667-866C67356CDA}.Release|Any CPU.ActiveCfg = Release|Any CPU
		{393A5514-5040-4272-9667-866C67356CDA}.Release|Any CPU.Build.0 = Release|Any CPU
	EndGlobalSection
	GlobalSection(SolutionProperties) = preSolution
		HideSolutionNode = FALSE
	EndGlobalSection
	GlobalSection(ExtensibilityGlobals) = postSolution
		SolutionGuid = {CD20B877-30B0-464D-81AD-FB7DA679A791}
	EndGlobalSection
EndGlobal
